<?xml version="1.0" encoding="utf-8"?>
<Project ToolsVersion="4.0" xmlns="http://schemas.microsoft.com/developer/msbuild/2003">
  <ItemGroup>
    <ClCompile Include="Main.cpp" />
    <ClCompile Include="Program.cpp">
      <Filter>Program</Filter>
    </ClCompile>
    <ClCompile Include="Machine.cpp">
      <Filter>System</Filter>
    </ClCompile>
    <ClCompile Include="System.cpp">
      <Filter>System</Filter>
    </ClCompile>
  </ItemGroup>
  <ItemGroup>
    <ClInclude Include="ProgramLine.h">
      <Filter>Program</Filter>
    </ClInclude>
    <ClInclude Include="ParameterType.h">
      <Filter>Program</Filter>
    </ClInclude>
    <ClInclude Include="Parameter.h">
      <Filter>Program</Filter>
    </ClInclude>
    <ClInclude Include="Command.h">
      <Filter>Program</Filter>
    </ClInclude>
    <ClInclude Include="Program.h">
      <Filter>Program</Filter>
    </ClInclude>
    <ClInclude Include="Machine.h">
      <Filter>System</Filter>
    </ClInclude>
    <ClInclude Include="System.h">
      <Filter>System</Filter>
    </ClInclude>
    <ClInclude Include="SystemGlobal.h">
      <Filter>System</Filter>
    </ClInclude>
  </ItemGroup>
  <ItemGroup>
    <Filter Include="Program">
      <UniqueIdentifier>{78f70235-7d6f-4197-ac93-341a3d7aa784}</UniqueIdentifier>
    </Filter>
    <Filter Include="System">
      <UniqueIdentifier>{5016d9ca-f1b6-45e9-93a8-1e77ed62f133}</UniqueIdentifier>
    </Filter>
  </ItemGroup>
</Project>